// !$*UTF8*$!
{
	archiveVersion = 1;
	classes = {
	};
	objectVersion = 56;
	objects = {

/* Begin PBXBuildFile section */
		218551462AD6E4000008D519 /* AppDelegate.swift in Sources */ = {isa = PBXBuildFile; fileRef = 218551452AD6E4000008D519 /* AppDelegate.swift */; };
		218551482AD6E4000008D519 /* SceneDelegate.swift in Sources */ = {isa = PBXBuildFile; fileRef = 218551472AD6E4000008D519 /* SceneDelegate.swift */; };
		2185514A2AD6E4000008D519 /* ViewController.swift in Sources */ = {isa = PBXBuildFile; fileRef = 218551492AD6E4000008D519 /* ViewController.swift */; };
		2185514D2AD6E4000008D519 /* Main.storyboard in Resources */ = {isa = PBXBuildFile; fileRef = 2185514B2AD6E4000008D519 /* Main.storyboard */; };
		2185514F2AD6E4020008D519 /* Assets.xcassets in Resources */ = {isa = PBXBuildFile; fileRef = 2185514E2AD6E4020008D519 /* Assets.xcassets */; };
		218551522AD6E4020008D519 /* LaunchScreen.storyboard in Resources */ = {isa = PBXBuildFile; fileRef = 218551502AD6E4020008D519 /* LaunchScreen.storyboard */; };
		2185515D2AD6E4020008D519 /* bagaTests.swift in Sources */ = {isa = PBXBuildFile; fileRef = 2185515C2AD6E4020008D519 /* bagaTests.swift */; };
		218551672AD6E4020008D519 /* bagaUITests.swift in Sources */ = {isa = PBXBuildFile; fileRef = 218551662AD6E4020008D519 /* bagaUITests.swift */; };
		218551692AD6E4020008D519 /* bagaUITestsLaunchTests.swift in Sources */ = {isa = PBXBuildFile; fileRef = 218551682AD6E4020008D519 /* bagaUITestsLaunchTests.swift */; };
/* End PBXBuildFile section */

/* Begin PBXContainerItemProxy section */
		218551592AD6E4020008D519 /* PBXContainerItemProxy */ = {
			isa = PBXContainerItemProxy;
			containerPortal = 2185513A2AD6E4000008D519 /* Project object */;
			proxyType = 1;
			remoteGlobalIDString = 218551412AD6E4000008D519;
			remoteInfo = baga;
		};
		218551632AD6E4020008D519 /* PBXContainerItemProxy */ = {
			isa = PBXContainerItemProxy;
			containerPortal = 2185513A2AD6E4000008D519 /* Project object */;
			proxyType = 1;
			remoteGlobalIDString = 218551412AD6E4000008D519;
			remoteInfo = baga;
		};
/* End PBXContainerItemProxy section */

/* Begin PBXFileReference section */
		218551422AD6E4000008D519 /* baga.app */ = {isa = PBXFileReference; explicitFileType = wrapper.application; includeInIndex = 0; path = baga.app; sourceTree = BUILT_PRODUCTS_DIR; };
		218551452AD6E4000008D519 /* AppDelegate.swift */ = {isa = PBXFileReference; lastKnownFileType = sourcecode.swift; path = AppDelegate.swift; sourceTree = "<group>"; };
		218551472AD6E4000008D519 /* SceneDelegate.swift */ = {isa = PBXFileReference; lastKnownFileType = sourcecode.swift; path = SceneDelegate.swift; sourceTree = "<group>"; };
		218551492AD6E4000008D519 /* ViewController.swift */ = {isa = PBXFileReference; lastKnownFileType = sourcecode.swift; path = ViewController.swift; sourceTree = "<group>"; };
		2185514C2AD6E4000008D519 /* Base */ = {isa = PBXFileReference; lastKnownFileType = file.storyboard; name = Base; path = Base.lproj/Main.storyboard; sourceTree = "<group>"; };
		2185514E2AD6E4020008D519 /* Assets.xcassets */ = {isa = PBXFileReference; lastKnownFileType = folder.assetcatalog; path = Assets.xcassets; sourceTree = "<group>"; };
		218551512AD6E4020008D519 /* Base */ = {isa = PBXFileReference; lastKnownFileType = file.storyboard; name = Base; path = Base.lproj/LaunchScreen.storyboard; sourceTree = "<group>"; };
		218551532AD6E4020008D519 /* Info.plist */ = {isa = PBXFileReference; lastKnownFileType = text.plist.xml; path = Info.plist; sourceTree = "<group>"; };
		218551582AD6E4020008D519 /* bagaTests.xctest */ = {isa = PBXFileReference; explicitFileType = wrapper.cfbundle; includeInIndex = 0; path = bagaTests.xctest; sourceTree = BUILT_PRODUCTS_DIR; };
		2185515C2AD6E4020008D519 /* bagaTests.swift */ = {isa = PBXFileReference; lastKnownFileType = sourcecode.swift; path = bagaTests.swift; sourceTree = "<group>"; };
		218551622AD6E4020008D519 /* bagaUITests.xctest */ = {isa = PBXFileReference; explicitFileType = wrapper.cfbundle; includeInIndex = 0; path = bagaUITests.xctest; sourceTree = BUILT_PRODUCTS_DIR; };
		218551662AD6E4020008D519 /* bagaUITests.swift */ = {isa = PBXFileReference; lastKnownFileType = sourcecode.swift; path = bagaUITests.swift; sourceTree = "<group>"; };
		218551682AD6E4020008D519 /* bagaUITestsLaunchTests.swift */ = {isa = PBXFileReference; lastKnownFileType = sourcecode.swift; path = bagaUITestsLaunchTests.swift; sourceTree = "<group>"; };
/* End PBXFileReference section */

/* Begin PBXFrameworksBuildPhase section */
		2185513F2AD6E4000008D519 /* Frameworks */ = {
			isa = PBXFrameworksBuildPhase;
			buildActionMask = 2147483647;
			files = (
			);
			runOnlyForDeploymentPostprocessing = 0;
		};
		218551552AD6E4020008D519 /* Frameworks */ = {
			isa = PBXFrameworksBuildPhase;
			buildActionMask = 2147483647;
			files = (
			);
			runOnlyForDeploymentPostprocessing = 0;
		};
		2185515F2AD6E4020008D519 /* Frameworks */ = {
			isa = PBXFrameworksBuildPhase;
			buildActionMask = 2147483647;
			files = (
			);
			runOnlyForDeploymentPostprocessing = 0;
		};
/* End PBXFrameworksBuildPhase section */

/* Begin PBXGroup section */
		218551392AD6E4000008D519 = {
			isa = PBXGroup;
			children = (
				218551442AD6E4000008D519 /* baga */,
				2185515B2AD6E4020008D519 /* bagaTests */,
				218551652AD6E4020008D519 /* bagaUITests */,
				218551432AD6E4000008D519 /* Products */,
			);
			sourceTree = "<group>";
		};
		218551432AD6E4000008D519 /* Products */ = {
			isa = PBXGroup;
			children = (
				218551422AD6E4000008D519 /* baga.app */,
				218551582AD6E4020008D519 /* bagaTests.xctest */,
				218551622AD6E4020008D519 /* bagaUITests.xctest */,
			);
			name = Products;
			sourceTree = "<group>";
		};
		218551442AD6E4000008D519 /* baga */ = {
			isa = PBXGroup;
			children = (
				218551452AD6E4000008D519 /* AppDelegate.swift */,
				218551472AD6E4000008D519 /* SceneDelegate.swift */,
				218551492AD6E4000008D519 /* ViewController.swift */,
				2185514B2AD6E4000008D519 /* Main.storyboard */,
				2185514E2AD6E4020008D519 /* Assets.xcassets */,
				218551502AD6E4020008D519 /* LaunchScreen.storyboard */,
				218551532AD6E4020008D519 /* Info.plist */,
			);
			path = baga;
			sourceTree = "<group>";
		};
		2185515B2AD6E4020008D519 /* bagaTests */ = {
			isa = PBXGroup;
			children = (
				2185515C2AD6E4020008D519 /* bagaTests.swift */,
			);
			path = bagaTests;
			sourceTree = "<group>";
		};
		218551652AD6E4020008D519 /* bagaUITests */ = {
			isa = PBXGroup;
			children = (
				218551662AD6E4020008D519 /* bagaUITests.swift */,
				218551682AD6E4020008D519 /* bagaUITestsLaunchTests.swift */,
			);
			path = bagaUITests;
			sourceTree = "<group>";
		};
/* End PBXGroup section */

/* Begin PBXNativeTarget section */
		218551412AD6E4000008D519 /* baga */ = {
			isa = PBXNativeTarget;
			buildConfigurationList = 2185516C2AD6E4020008D519 /* Build configuration list for PBXNativeTarget "baga" */;
			buildPhases = (
				2185513E2AD6E4000008D519 /* Sources */,
				2185513F2AD6E4000008D519 /* Frameworks */,
				218551402AD6E4000008D519 /* Resources */,
			);
			buildRules = (
			);
			dependencies = (
			);
			name = baga;
			productName = baga;
			productReference = 218551422AD6E4000008D519 /* baga.app */;
			productType = "com.apple.product-type.application";
		};
		218551572AD6E4020008D519 /* bagaTests */ = {
			isa = PBXNativeTarget;
			buildConfigurationList = 2185516F2AD6E4020008D519 /* Build configuration list for PBXNativeTarget "bagaTests" */;
			buildPhases = (
				218551542AD6E4020008D519 /* Sources */,
				218551552AD6E4020008D519 /* Frameworks */,
				218551562AD6E4020008D519 /* Resources */,
			);
			buildRules = (
			);
			dependencies = (
				2185515A2AD6E4020008D519 /* PBXTargetDependency */,
			);
			name = bagaTests;
			productName = bagaTests;
			productReference = 218551582AD6E4020008D519 /* bagaTests.xctest */;
			productType = "com.apple.product-type.bundle.unit-test";
		};
		218551612AD6E4020008D519 /* bagaUITests */ = {
			isa = PBXNativeTarget;
			buildConfigurationList = 218551722AD6E4020008D519 /* Build configuration list for PBXNativeTarget "bagaUITests" */;
			buildPhases = (
				2185515E2AD6E4020008D519 /* Sources */,
				2185515F2AD6E4020008D519 /* Frameworks */,
				218551602AD6E4020008D519 /* Resources */,
			);
			buildRules = (
			);
			dependencies = (
				218551642AD6E4020008D519 /* PBXTargetDependency */,
			);
			name = bagaUITests;
			productName = bagaUITests;
			productReference = 218551622AD6E4020008D519 /* bagaUITests.xctest */;
			productType = "com.apple.product-type.bundle.ui-testing";
		};
/* End PBXNativeTarget section */

/* Begin PBXProject section */
		2185513A2AD6E4000008D519 /* Project object */ = {
			isa = PBXProject;
			attributes = {
				BuildIndependentTargetsInParallel = 1;
				LastSwiftUpdateCheck = 1500;
				LastUpgradeCheck = 1500;
				TargetAttributes = {
					218551412AD6E4000008D519 = {
						CreatedOnToolsVersion = 15.0;
					};
					218551572AD6E4020008D519 = {
						CreatedOnToolsVersion = 15.0;
						TestTargetID = 218551412AD6E4000008D519;
					};
					218551612AD6E4020008D519 = {
						CreatedOnToolsVersion = 15.0;
						TestTargetID = 218551412AD6E4000008D519;
					};
				};
			};
			buildConfigurationList = 2185513D2AD6E4000008D519 /* Build configuration list for PBXProject "baga" */;
			compatibilityVersion = "Xcode 14.0";
			developmentRegion = en;
			hasScannedForEncodings = 0;
			knownRegions = (
				en,
				Base,
			);
			mainGroup = 218551392AD6E4000008D519;
			productRefGroup = 218551432AD6E4000008D519 /* Products */;
			projectDirPath = "";
			projectRoot = "";
			targets = (
				218551412AD6E4000008D519 /* baga */,
				218551572AD6E4020008D519 /* bagaTests */,
				218551612AD6E4020008D519 /* bagaUITests */,
			);
		};
/* End PBXProject section */

/* Begin PBXResourcesBuildPhase section */
		218551402AD6E4000008D519 /* Resources */ = {
			isa = PBXResourcesBuildPhase;
			buildActionMask = 2147483647;
			files = (
				218551522AD6E4020008D519 /* LaunchScreen.storyboard in Resources */,
				2185514F2AD6E4020008D519 /* Assets.xcassets in Resources */,
				2185514D2AD6E4000008D519 /* Main.storyboard in Resources */,
			);
			runOnlyForDeploymentPostprocessing = 0;
		};
		218551562AD6E4020008D519 /* Resources */ = {
			isa = PBXResourcesBuildPhase;
			buildActionMask = 2147483647;
			files = (
			);
			runOnlyForDeploymentPostprocessing = 0;
		};
		218551602AD6E4020008D519 /* Resources */ = {
			isa = PBXResourcesBuildPhase;
			buildActionMask = 2147483647;
			files = (
			);
			runOnlyForDeploymentPostprocessing = 0;
		};
/* End PBXResourcesBuildPhase section */

/* Begin PBXSourcesBuildPhase section */
		2185513E2AD6E4000008D519 /* Sources */ = {
			isa = PBXSourcesBuildPhase;
			buildActionMask = 2147483647;
			files = (
				2185514A2AD6E4000008D519 /* ViewController.swift in Sources */,
				218551462AD6E4000008D519 /* AppDelegate.swift in Sources */,
				218551482AD6E4000008D519 /* SceneDelegate.swift in Sources */,
			);
			runOnlyForDeploymentPostprocessing = 0;
		};
		218551542AD6E4020008D519 /* Sources */ = {
			isa = PBXSourcesBuildPhase;
			buildActionMask = 2147483647;
			files = (
				2185515D2AD6E4020008D519 /* bagaTests.swift in Sources */,
			);
			runOnlyForDeploymentPostprocessing = 0;
		};
		2185515E2AD6E4020008D519 /* Sources */ = {
			isa = PBXSourcesBuildPhase;
			buildActionMask = 2147483647;
			files = (
				218551672AD6E4020008D519 /* bagaUITests.swift in Sources */,
				218551692AD6E4020008D519 /* bagaUITestsLaunchTests.swift in Sources */,
			);
			runOnlyForDeploymentPostprocessing = 0;
		};
/* End PBXSourcesBuildPhase section */

/* Begin PBXTargetDependency section */
		2185515A2AD6E4020008D519 /* PBXTargetDependency */ = {
			isa = PBXTargetDependency;
			target = 218551412AD6E4000008D519 /* baga */;
			targetProxy = 218551592AD6E4020008D519 /* PBXContainerItemProxy */;
		};
		218551642AD6E4020008D519 /* PBXTargetDependency */ = {
			isa = PBXTargetDependency;
			target = 218551412AD6E4000008D519 /* baga */;
			targetProxy = 218551632AD6E4020008D519 /* PBXContainerItemProxy */;
		};
/* End PBXTargetDependency section */

/* Begin PBXVariantGroup section */
		2185514B2AD6E4000008D519 /* Main.storyboard */ = {
			isa = PBXVariantGroup;
			children = (
				2185514C2AD6E4000008D519 /* Base */,
			);
			name = Main.storyboard;
			sourceTree = "<group>";
		};
		218551502AD6E4020008D519 /* LaunchScreen.storyboard */ = {
			isa = PBXVariantGroup;
			children = (
				218551512AD6E4020008D519 /* Base */,
			);
			name = LaunchScreen.storyboard;
			sourceTree = "<group>";
		};
/* End PBXVariantGroup section */

/* Begin XCBuildConfiguration section */
		2185516A2AD6E4020008D519 /* Debug */ = {
			isa = XCBuildConfiguration;
			buildSettings = {
				ALWAYS_SEARCH_USER_PATHS = NO;
				ASSETCATALOG_COMPILER_GENERATE_SWIFT_ASSET_SYMBOL_EXTENSIONS = YES;
				CLANG_ANALYZER_NONNULL = YES;
				CLANG_ANALYZER_NUMBER_OBJECT_CONVERSION = YES_AGGRESSIVE;
				CLANG_CXX_LANGUAGE_STANDARD = "gnu++20";
				CLANG_ENABLE_MODULES = YES;
				CLANG_ENABLE_OBJC_ARC = YES;
				CLANG_ENABLE_OBJC_WEAK = YES;
				CLANG_WARN_BLOCK_CAPTURE_AUTORELEASING = YES;
				CLANG_WARN_BOOL_CONVERSION = YES;
				CLANG_WARN_COMMA = YES;
				CLANG_WARN_CONSTANT_CONVERSION = YES;
				CLANG_WARN_DEPRECATED_OBJC_IMPLEMENTATIONS = YES;
				CLANG_WARN_DIRECT_OBJC_ISA_USAGE = YES_ERROR;
				CLANG_WARN_DOCUMENTATION_COMMENTS = YES;
				CLANG_WARN_EMPTY_BODY = YES;
				CLANG_WARN_ENUM_CONVERSION = YES;
				CLANG_WARN_INFINITE_RECURSION = YES;
				CLANG_WARN_INT_CONVERSION = YES;
				CLANG_WARN_NON_LITERAL_NULL_CONVERSION = YES;
				CLANG_WARN_OBJC_IMPLICIT_RETAIN_SELF = YES;
				CLANG_WARN_OBJC_LITERAL_CONVERSION = YES;
				CLANG_WARN_OBJC_ROOT_CLASS = YES_ERROR;
				CLANG_WARN_QUOTED_INCLUDE_IN_FRAMEWORK_HEADER = YES;
				CLANG_WARN_RANGE_LOOP_ANALYSIS = YES;
				CLANG_WARN_STRICT_PROTOTYPES = YES;
				CLANG_WARN_SUSPICIOUS_MOVE = YES;
				CLANG_WARN_UNGUARDED_AVAILABILITY = YES_AGGRESSIVE;
				CLANG_WARN_UNREACHABLE_CODE = YES;
				CLANG_WARN__DUPLICATE_METHOD_MATCH = YES;
				COPY_PHASE_STRIP = NO;
				DEBUG_INFORMATION_FORMAT = dwarf;
				ENABLE_STRICT_OBJC_MSGSEND = YES;
				ENABLE_TESTABILITY = YES;
				ENABLE_USER_SCRIPT_SANDBOXING = YES;
				GCC_C_LANGUAGE_STANDARD = gnu17;
				GCC_DYNAMIC_NO_PIC = NO;
				GCC_NO_COMMON_BLOCKS = YES;
				GCC_OPTIMIZATION_LEVEL = 0;
				GCC_PREPROCESSOR_DEFINITIONS = (
					"DEBUG=1",
					"$(inherited)",
				);
				GCC_WARN_64_TO_32_BIT_CONVERSION = YES;
				GCC_WARN_ABOUT_RETURN_TYPE = YES_ERROR;
				GCC_WARN_UNDECLARED_SELECTOR = YES;
				GCC_WARN_UNINITIALIZED_AUTOS = YES_AGGRESSIVE;
				GCC_WARN_UNUSED_FUNCTION = YES;
				GCC_WARN_UNUSED_VARIABLE = YES;
				IPHONEOS_DEPLOYMENT_TARGET = 17.0;
				LOCALIZATION_PREFERS_STRING_CATALOGS = YES;
				MTL_ENABLE_DEBUG_INFO = INCLUDE_SOURCE;
				MTL_FAST_MATH = YES;
				ONLY_ACTIVE_ARCH = YES;
				SDKROOT = iphoneos;
				SWIFT_ACTIVE_COMPILATION_CONDITIONS = "DEBUG $(inherited)";
				SWIFT_OPTIMIZATION_LEVEL = "-Onone";
			};
			name = Debug;
		};
		2185516B2AD6E4020008D519 /* Release */ = {
			isa = XCBuildConfiguration;
			buildSettings = {
				ALWAYS_SEARCH_USER_PATHS = NO;
				ASSETCATALOG_COMPILER_GENERATE_SWIFT_ASSET_SYMBOL_EXTENSIONS = YES;
				CLANG_ANALYZER_NONNULL = YES;
				CLANG_ANALYZER_NUMBER_OBJECT_CONVERSION = YES_AGGRESSIVE;
				CLANG_CXX_LANGUAGE_STANDARD = "gnu++20";
				CLANG_ENABLE_MODULES = YES;
				CLANG_ENABLE_OBJC_ARC = YES;
				CLANG_ENABLE_OBJC_WEAK = YES;
				CLANG_WARN_BLOCK_CAPTURE_AUTORELEASING = YES;
				CLANG_WARN_BOOL_CONVERSION = YES;
				CLANG_WARN_COMMA = YES;
				CLANG_WARN_CONSTANT_CONVERSION = YES;
				CLANG_WARN_DEPRECATED_OBJC_IMPLEMENTATIONS = YES;
				CLANG_WARN_DIRECT_OBJC_ISA_USAGE = YES_ERROR;
				CLANG_WARN_DOCUMENTATION_COMMENTS = YES;
				CLANG_WARN_EMPTY_BODY = YES;
				CLANG_WARN_ENUM_CONVERSION = YES;
				CLANG_WARN_INFINITE_RECURSION = YES;
				CLANG_WARN_INT_CONVERSION = YES;
				CLANG_WARN_NON_LITERAL_NULL_CONVERSION = YES;
				CLANG_WARN_OBJC_IMPLICIT_RETAIN_SELF = YES;
				CLANG_WARN_OBJC_LITERAL_CONVERSION = YES;
				CLANG_WARN_OBJC_ROOT_CLASS = YES_ERROR;
				CLANG_WARN_QUOTED_INCLUDE_IN_FRAMEWORK_HEADER = YES;
				CLANG_WARN_RANGE_LOOP_ANALYSIS = YES;
				CLANG_WARN_STRICT_PROTOTYPES = YES;
				CLANG_WARN_SUSPICIOUS_MOVE = YES;
				CLANG_WARN_UNGUARDED_AVAILABILITY = YES_AGGRESSIVE;
				CLANG_WARN_UNREACHABLE_CODE = YES;
				CLANG_WARN__DUPLICATE_METHOD_MATCH = YES;
				COPY_PHASE_STRIP = NO;
				DEBUG_INFORMATION_FORMAT = "dwarf-with-dsym";
				ENABLE_NS_ASSERTIONS = NO;
				ENABLE_STRICT_OBJC_MSGSEND = YES;
				ENABLE_USER_SCRIPT_SANDBOXING = YES;
				GCC_C_LANGUAGE_STANDARD = gnu17;
				GCC_NO_COMMON_BLOCKS = YES;
				GCC_WARN_64_TO_32_BIT_CONVERSION = YES;
				GCC_WARN_ABOUT_RETURN_TYPE = YES_ERROR;
				GCC_WARN_UNDECLARED_SELECTOR = YES;
				GCC_WARN_UNINITIALIZED_AUTOS = YES_AGGRESSIVE;
				GCC_WARN_UNUSED_FUNCTION = YES;
				GCC_WARN_UNUSED_VARIABLE = YES;
				IPHONEOS_DEPLOYMENT_TARGET = 17.0;
				LOCALIZATION_PREFERS_STRING_CATALOGS = YES;
				MTL_ENABLE_DEBUG_INFO = NO;
				MTL_FAST_MATH = YES;
				SDKROOT = iphoneos;
				SWIFT_COMPILATION_MODE = wholemodule;
				VALIDATE_PRODUCT = YES;
			};
			name = Release;
		};
		2185516D2AD6E4020008D519 /* Debug */ = {
			isa = XCBuildConfiguration;
			buildSettings = {
				ASSETCATALOG_COMPILER_APPICON_NAME = AppIcon;
				ASSETCATALOG_COMPILER_GLOBAL_ACCENT_COLOR_NAME = AccentColor;
				CODE_SIGN_STYLE = Automatic;
				CURRENT_PROJECT_VERSION = 1;
				GENERATE_INFOPLIST_FILE = YES;
				INFOPLIST_FILE = baga/Info.plist;
				INFOPLIST_KEY_CFBundleDisplayName = baga;
				INFOPLIST_KEY_UIApplicationSupportsIndirectInputEvents = YES;
				INFOPLIST_KEY_UILaunchStoryboardName = LaunchScreen;
				INFOPLIST_KEY_UIMainStoryboardFile = Main;
				INFOPLIST_KEY_UISupportedInterfaceOrientations_iPad = "UIInterfaceOrientationPortrait UIInterfaceOrientationPortraitUpsideDown UIInterfaceOrientationLandscapeLeft UIInterfaceOrientationLandscapeRight";
				INFOPLIST_KEY_UISupportedInterfaceOrientations_iPhone = "UIInterfaceOrientationPortrait UIInterfaceOrientationLandscapeLeft UIInterfaceOrientationLandscapeRight";
				LD_RUNPATH_SEARCH_PATHS = (
					"$(inherited)",
					"@executable_path/Frameworks",
				);
				MARKETING_VERSION = 1.0;
				PRODUCT_BUNDLE_IDENTIFIER = Baigali.baga;
				PRODUCT_NAME = "$(TARGET_NAME)";
				SWIFT_EMIT_LOC_STRINGS = YES;
				SWIFT_VERSION = 5.0;
				TARGETED_DEVICE_FAMILY = "1,2";
			};
			name = Debug;
		};
		2185516E2AD6E4020008D519 /* Release */ = {
			isa = XCBuildConfiguration;
			buildSettings = {
				ASSETCATALOG_COMPILER_APPICON_NAME = AppIcon;
				ASSETCATALOG_COMPILER_GLOBAL_ACCENT_COLOR_NAME = AccentColor;
				CODE_SIGN_STYLE = Automatic;
				CURRENT_PROJECT_VERSION = 1;
				GENERATE_INFOPLIST_FILE = YES;
				INFOPLIST_FILE = baga/Info.plist;
				INFOPLIST_KEY_CFBundleDisplayName = baga;
				INFOPLIST_KEY_UIApplicationSupportsIndirectInputEvents = YES;
				INFOPLIST_KEY_UILaunchStoryboardName = LaunchScreen;
				INFOPLIST_KEY_UIMainStoryboardFile = Main;
				INFOPLIST_KEY_UISupportedInterfaceOrientations_iPad = "UIInterfaceOrientationPortrait UIInterfaceOrientationPortraitUpsideDown UIInterfaceOrientationLandscapeLeft UIInterfaceOrientationLandscapeRight";
				INFOPLIST_KEY_UISupportedInterfaceOrientations_iPhone = "UIInterfaceOrientationPortrait UIInterfaceOrientationLandscapeLeft UIInterfaceOrientationLandscapeRight";
				LD_RUNPATH_SEARCH_PATHS = (
					"$(inherited)",
					"@executable_path/Frameworks",
				);
				MARKETING_VERSION = 1.0;
				PRODUCT_BUNDLE_IDENTIFIER = Baigali.baga;
				PRODUCT_NAME = "$(TARGET_NAME)";
				SWIFT_EMIT_LOC_STRINGS = YES;
				SWIFT_VERSION = 5.0;
				TARGETED_DEVICE_FAMILY = "1,2";
			};
			name = Release;
		};
		218551702AD6E4020008D519 /* Debug */ = {
			isa = XCBuildConfiguration;
			buildSettings = {
				ALWAYS_EMBED_SWIFT_STANDARD_LIBRARIES = YES;
				BUNDLE_LOADER = "$(TEST_HOST)";
				CODE_SIGN_STYLE = Automatic;
				CURRENT_PROJECT_VERSION = 1;
				GENERATE_INFOPLIST_FILE = YES;
				IPHONEOS_DEPLOYMENT_TARGET = 17.0;
				MARKETING_VERSION = 1.0;
				PRODUCT_BUNDLE_IDENTIFIER = Baigali.bagaTests;
				PRODUCT_NAME = "$(TARGET_NAME)";
				SWIFT_EMIT_LOC_STRINGS = NO;
				SWIFT_VERSION = 5.0;
				TARGETED_DEVICE_FAMILY = "1,2";
				TEST_HOST = "$(BUILT_PRODUCTS_DIR)/baga.app/$(BUNDLE_EXECUTABLE_FOLDER_PATH)/baga";
			};
			name = Debug;
		};
		218551712AD6E4020008D519 /* Release */ = {
			isa = XCBuildConfiguration;
			buildSettings = {
				ALWAYS_EMBED_SWIFT_STANDARD_LIBRARIES = YES;
				BUNDLE_LOADER = "$(TEST_HOST)";
				CODE_SIGN_STYLE = Automatic;
				CURRENT_PROJECT_VERSION = 1;
				GENERATE_INFOPLIST_FILE = YES;
				IPHONEOS_DEPLOYMENT_TARGET = 17.0;
				MARKETING_VERSION = 1.0;
				PRODUCT_BUNDLE_IDENTIFIER = Baigali.bagaTests;
				PRODUCT_NAME = "$(TARGET_NAME)";
				SWIFT_EMIT_LOC_STRINGS = NO;
				SWIFT_VERSION = 5.0;
				TARGETED_DEVICE_FAMILY = "1,2";
				TEST_HOST = "$(BUILT_PRODUCTS_DIR)/baga.app/$(BUNDLE_EXECUTABLE_FOLDER_PATH)/baga";
			};
			name = Release;
		};
		218551732AD6E4020008D519 /* Debug */ = {
			isa = XCBuildConfiguration;
			buildSettings = {
				ALWAYS_EMBED_SWIFT_STANDARD_LIBRARIES = YES;
				CODE_SIGN_STYLE = Automatic;
				CURRENT_PROJECT_VERSION = 1;
				GENERATE_INFOPLIST_FILE = YES;
				MARKETING_VERSION = 1.0;
				PRODUCT_BUNDLE_IDENTIFIER = Baigali.bagaUITests;
				PRODUCT_NAME = "$(TARGET_NAME)";
				SWIFT_EMIT_LOC_STRINGS = NO;
				SWIFT_VERSION = 5.0;
				TARGETED_DEVICE_FAMILY = "1,2";
				TEST_TARGET_NAME = baga;
			};
			name = Debug;
		};
		218551742AD6E4020008D519 /* Release */ = {
			isa = XCBuildConfiguration;
			buildSettings = {
				ALWAYS_EMBED_SWIFT_STANDARD_LIBRARIES = YES;
				CODE_SIGN_STYLE = Automatic;
				CURRENT_PROJECT_VERSION = 1;
				GENERATE_INFOPLIST_FILE = YES;
				MARKETING_VERSION = 1.0;
				PRODUCT_BUNDLE_IDENTIFIER = Baigali.bagaUITests;
				PRODUCT_NAME = "$(TARGET_NAME)";
				SWIFT_EMIT_LOC_STRINGS = NO;
				SWIFT_VERSION = 5.0;
				TARGETED_DEVICE_FAMILY = "1,2";
				TEST_TARGET_NAME = baga;
			};
			name = Release;
		};
/* End XCBuildConfiguration section */

/* Begin XCConfigurationList section */
		2185513D2AD6E4000008D519 /* Build configuration list for PBXProject "baga" */ = {
			isa = XCConfigurationList;
			buildConfigurations = (
				2185516A2AD6E4020008D519 /* Debug */,
				2185516B2AD6E4020008D519 /* Release */,
			);
			defaultConfigurationIsVisible = 0;
			defaultConfigurationName = Release;
		};
		2185516C2AD6E4020008D519 /* Build configuration list for PBXNativeTarget "baga" */ = {
			isa = XCConfigurationList;
			buildConfigurations = (
				2185516D2AD6E4020008D519 /* Debug */,
				2185516E2AD6E4020008D519 /* Release */,
			);
			defaultConfigurationIsVisible = 0;
			defaultConfigurationName = Release;
		};
		2185516F2AD6E4020008D519 /* Build configuration list for PBXNativeTarget "bagaTests" */ = {
			isa = XCConfigurationList;
			buildConfigurations = (
				218551702AD6E4020008D519 /* Debug */,
				218551712AD6E4020008D519 /* Release */,
			);
			defaultConfigurationIsVisible = 0;
			defaultConfigurationName = Release;
		};
		218551722AD6E4020008D519 /* Build configuration list for PBXNativeTarget "bagaUITests" */ = {
			isa = XCConfigurationList;
			buildConfigurations = (
				218551732AD6E4020008D519 /* Debug */,
				218551742AD6E4020008D519 /* Release */,
			);
			defaultConfigurationIsVisible = 0;
			defaultConfigurationName = Release;
		};
/* End XCConfigurationList section */
	};
	rootObject = 2185513A2AD6E4000008D519 /* Project object */;
}
